
Microsoft Visual Studio Solution File, Format Version 12.00
# Visual Studio Version 16
VisualStudioVersion = 16.0.29324.140
MinimumVisualStudioVersion = 10.0.40219.1
Project("{8BC9CEB8-8B4A-11D0-8D11-00A0C91BC942}") = "SaoLeiGame", "SaoLeiGame.vcxproj", "{E3314DFC-0192-426F-8C6B-9080BE619920}"
EndProject
Global
	GlobalSection(SolutionConfigurationPlatforms) = preSolution
		Debug|x64 = Debug|x64
		Debug|x86 = Debug|x86
		Release|x64 = Release|x64
		Release|x86 = Release|x86
	EndGlobalSection
	GlobalSection(ProjectConfigurationPlatforms) = postSolution
		{E3314DFC-0192-426F-8C6B-9080BE619920}.Debug|x64.ActiveCfg = Debug|x64
		{E3314DFC-0192-426F-8C6B-9080BE619920}.Debug|x64.Build.0 = Debug|x64
		{E3314DFC-0192-426F-8C6B-9080BE619920}.Debug|x86.ActiveCfg = Debug|Win32
		{E3314DFC-0192-426F-8C6B-9080BE619920}.Debug|x86.Build.0 = Debug|Win32
		{E3314DFC-0192-426F-8C6B-9080BE619920}.Release|x64.ActiveCfg = Release|x64
		{E3314DFC-0192-426F-8C6B-9080BE619920}.Release|x64.Build.0 = Release|x64
		{E3314DFC-0192-426F-8C6B-9080BE619920}.Release|x86.ActiveCfg = Release|Win32
		{E3314DFC-0192-426F-8C6B-9080BE619920}.Release|x86.Build.0 = Release|Win32
	EndGlobalSection
	GlobalSection(SolutionProperties) = preSolution
		HideSolutionNode = FALSE
	EndGlobalSection
	GlobalSection(ExtensibilityGlobals) = postSolution
		SolutionGuid = {854FED39-032E-4581-B68B-A7056903C0BE}
	EndGlobalSection
EndGlobal
