
Microsoft Visual Studio Solution File, Format Version 12.00
# Visual Studio Version 16
VisualStudioVersion = 16.0.29324.140
MinimumVisualStudioVersion = 10.0.40219.1
Project("{8BC9CEB8-8B4A-11D0-8D11-00A0C91BC942}") = "Sorts", "Sorts.vcxproj", "{A8E5B285-E5DD-416B-A05D-FB1E32DD1B49}"
EndProject
Global
	GlobalSection(SolutionConfigurationPlatforms) = preSolution
		Debug|x64 = Debug|x64
		Debug|x86 = Debug|x86
		Release|x64 = Release|x64
		Release|x86 = Release|x86
	EndGlobalSection
	GlobalSection(ProjectConfigurationPlatforms) = postSolution
		{A8E5B285-E5DD-416B-A05D-FB1E32DD1B49}.Debug|x64.ActiveCfg = Debug|x64
		{A8E5B285-E5DD-416B-A05D-FB1E32DD1B49}.Debug|x64.Build.0 = Debug|x64
		{A8E5B285-E5DD-416B-A05D-FB1E32DD1B49}.Debug|x86.ActiveCfg = Debug|Win32
		{A8E5B285-E5DD-416B-A05D-FB1E32DD1B49}.Debug|x86.Build.0 = Debug|Win32
		{A8E5B285-E5DD-416B-A05D-FB1E32DD1B49}.Release|x64.ActiveCfg = Release|x64
		{A8E5B285-E5DD-416B-A05D-FB1E32DD1B49}.Release|x64.Build.0 = Release|x64
		{A8E5B285-E5DD-416B-A05D-FB1E32DD1B49}.Release|x86.ActiveCfg = Release|Win32
		{A8E5B285-E5DD-416B-A05D-FB1E32DD1B49}.Release|x86.Build.0 = Release|Win32
	EndGlobalSection
	GlobalSection(SolutionProperties) = preSolution
		HideSolutionNode = FALSE
	EndGlobalSection
	GlobalSection(ExtensibilityGlobals) = postSolution
		SolutionGuid = {0CD02DFF-F708-44E5-A92D-20A51703E0CF}
	EndGlobalSection
EndGlobal
